// !$*UTF8*$!
{
	archiveVersion = 1;
	classes = {
	};
	objectVersion = 52;
	objects = {

/* Begin PBXBuildFile section */
		EB09B47C23ABADC200680ABC /* TokenRefreshRequest.swift in Sources */ = {isa = PBXBuildFile; fileRef = EB09B47B23ABADC200680ABC /* TokenRefreshRequest.swift */; };
		EB09B47E23ABAE6200680ABC /* AccessTokenParser.swift in Sources */ = {isa = PBXBuildFile; fileRef = EB09B47D23ABAE6200680ABC /* AccessTokenParser.swift */; };
		EB09B48023ABAEEA00680ABC /* AccessToken.swift in Sources */ = {isa = PBXBuildFile; fileRef = EB09B47F23ABAEEA00680ABC /* AccessToken.swift */; };
		EB1A236323B62B8400E21318 /* KeyboardAdjuster in Frameworks */ = {isa = PBXBuildFile; productRef = EB1A236223B62B8400E21318 /* KeyboardAdjuster */; };
		EB1A236523B634DE00E21318 /* TabBarBuilder.swift in Sources */ = {isa = PBXBuildFile; fileRef = EB1A236423B634DE00E21318 /* TabBarBuilder.swift */; };
		EB1A236823B636CB00E21318 /* StoreViewController.swift in Sources */ = {isa = PBXBuildFile; fileRef = EB1A236623B636CB00E21318 /* StoreViewController.swift */; };
		EB1A236923B636CB00E21318 /* StoreView.xib in Resources */ = {isa = PBXBuildFile; fileRef = EB1A236723B636CB00E21318 /* StoreView.xib */; };
		EB219951238DD2E1008A8772 /* RegistrationViewController.swift in Sources */ = {isa = PBXBuildFile; fileRef = EB21994F238DD2E1008A8772 /* RegistrationViewController.swift */; };
		EB219952238DD2E1008A8772 /* RegistrationView.xib in Resources */ = {isa = PBXBuildFile; fileRef = EB219950238DD2E1008A8772 /* RegistrationView.xib */; };
		EB24546523D19ABB00C99EFB /* TransferRequest.swift in Sources */ = {isa = PBXBuildFile; fileRef = EB24546423D19ABB00C99EFB /* TransferRequest.swift */; };
		EB3D037D238E956000E5BAE9 /* AuthenticationServices.framework in Frameworks */ = {isa = PBXBuildFile; fileRef = EB3D037C238E956000E5BAE9 /* AuthenticationServices.framework */; };
		EB3D0384238EAD4400E5BAE9 /* MainViewController.swift in Sources */ = {isa = PBXBuildFile; fileRef = EB3D0382238EAD4400E5BAE9 /* MainViewController.swift */; };
		EB3D0385238EAD4400E5BAE9 /* MainView.xib in Resources */ = {isa = PBXBuildFile; fileRef = EB3D0383238EAD4400E5BAE9 /* MainView.xib */; };
		EB60C34123B3E30F009CC4EC /* LogoutAccessRequest.swift in Sources */ = {isa = PBXBuildFile; fileRef = EB60C34023B3E30F009CC4EC /* LogoutAccessRequest.swift */; };
		EB60C34323B3E955009CC4EC /* LogoutRefreshRequest.swift in Sources */ = {isa = PBXBuildFile; fileRef = EB60C34223B3E955009CC4EC /* LogoutRefreshRequest.swift */; };
		EB60C34523B3EE9E009CC4EC /* MessageParser.swift in Sources */ = {isa = PBXBuildFile; fileRef = EB60C34423B3EE9E009CC4EC /* MessageParser.swift */; };
		EB60C34723B3F024009CC4EC /* Message.swift in Sources */ = {isa = PBXBuildFile; fileRef = EB60C34623B3F024009CC4EC /* Message.swift */; };
		EB61FB5323ABDBC500DC8E21 /* Assembly.swift in Sources */ = {isa = PBXBuildFile; fileRef = EB61FB5223ABDBC500DC8E21 /* Assembly.swift */; };
		EB6803BE23B00DA1003456AC /* AccessCodeViewController.swift in Sources */ = {isa = PBXBuildFile; fileRef = EB6803BC23B00DA1003456AC /* AccessCodeViewController.swift */; };
		EB6803BF23B00DA1003456AC /* AccessCodeView.xib in Resources */ = {isa = PBXBuildFile; fileRef = EB6803BD23B00DA1003456AC /* AccessCodeView.xib */; };
		EB6803C223B02685003456AC /* UserViewController.swift in Sources */ = {isa = PBXBuildFile; fileRef = EB6803C023B02685003456AC /* UserViewController.swift */; };
		EB6803C323B02685003456AC /* UserView.xib in Resources */ = {isa = PBXBuildFile; fileRef = EB6803C123B02685003456AC /* UserView.xib */; };
		EB6AA83723A8C09500938BB6 /* RestoreViewController.swift in Sources */ = {isa = PBXBuildFile; fileRef = EB6AA83523A8C09500938BB6 /* RestoreViewController.swift */; };
		EB6AA83823A8C09500938BB6 /* RestoreView.xib in Resources */ = {isa = PBXBuildFile; fileRef = EB6AA83623A8C09500938BB6 /* RestoreView.xib */; };
		EB6AA83D23AA54D300938BB6 /* PreRestoreViewController.swift in Sources */ = {isa = PBXBuildFile; fileRef = EB6AA83B23AA54D300938BB6 /* PreRestoreViewController.swift */; };
		EB6AA83E23AA54D300938BB6 /* PreRestoreView.xib in Resources */ = {isa = PBXBuildFile; fileRef = EB6AA83C23AA54D300938BB6 /* PreRestoreView.xib */; };
		EB6AA84023AA57E800938BB6 /* UsersRequest.swift in Sources */ = {isa = PBXBuildFile; fileRef = EB6AA83F23AA57E800938BB6 /* UsersRequest.swift */; };
		EB6AA84223AA585000938BB6 /* UsersParser.swift in Sources */ = {isa = PBXBuildFile; fileRef = EB6AA84123AA585000938BB6 /* UsersParser.swift */; };
		EB6AA84423AA589500938BB6 /* User.swift in Sources */ = {isa = PBXBuildFile; fileRef = EB6AA84323AA589500938BB6 /* User.swift */; };
		EB6AA84723AA5F6600938BB6 /* UsersViewController.swift in Sources */ = {isa = PBXBuildFile; fileRef = EB6AA84523AA5F6600938BB6 /* UsersViewController.swift */; };
		EB6AA84823AA5F6600938BB6 /* UsersView.xib in Resources */ = {isa = PBXBuildFile; fileRef = EB6AA84623AA5F6600938BB6 /* UsersView.xib */; };
		EB6AA84B23AAB77000938BB6 /* CredentialsService.swift in Sources */ = {isa = PBXBuildFile; fileRef = EB6AA84A23AAB77000938BB6 /* CredentialsService.swift */; };
		EB6AA84D23AAD39900938BB6 /* SecretParser.swift in Sources */ = {isa = PBXBuildFile; fileRef = EB6AA84C23AAD39900938BB6 /* SecretParser.swift */; };
		EB6AA84F23AAD3E500938BB6 /* Secret.swift in Sources */ = {isa = PBXBuildFile; fileRef = EB6AA84E23AAD3E500938BB6 /* Secret.swift */; };
		EB6AA85123AAD43E00938BB6 /* SecretRequest.swift in Sources */ = {isa = PBXBuildFile; fileRef = EB6AA85023AAD43E00938BB6 /* SecretRequest.swift */; };
		EB6AA85323AADD2900938BB6 /* DeleteAllUsersRequest.swift in Sources */ = {isa = PBXBuildFile; fileRef = EB6AA85223AADD2900938BB6 /* DeleteAllUsersRequest.swift */; };
		EB839F0023AF9D7B0043B223 /* TransferViewController.swift in Sources */ = {isa = PBXBuildFile; fileRef = EB839EFE23AF9D7B0043B223 /* TransferViewController.swift */; };
		EB839F0123AF9D7B0043B223 /* TransferView.xib in Resources */ = {isa = PBXBuildFile; fileRef = EB839EFF23AF9D7B0043B223 /* TransferView.xib */; };
		EBB3361823B54CF1007923F9 /* AboutViewController.swift in Sources */ = {isa = PBXBuildFile; fileRef = EBB3361623B54CF1007923F9 /* AboutViewController.swift */; };
		EBB3361923B54CF1007923F9 /* AboutView.xib in Resources */ = {isa = PBXBuildFile; fileRef = EBB3361723B54CF1007923F9 /* AboutView.xib */; };
		EBCE475F23D175840047F953 /* RestoreRequest.swift in Sources */ = {isa = PBXBuildFile; fileRef = EBCE475E23D175840047F953 /* RestoreRequest.swift */; };
		EBCE476123D181790047F953 /* ResetEmailRequest.swift in Sources */ = {isa = PBXBuildFile; fileRef = EBCE476023D181790047F953 /* ResetEmailRequest.swift */; };
		EBCE476323D1916F0047F953 /* ResetRequest.swift in Sources */ = {isa = PBXBuildFile; fileRef = EBCE476223D1916F0047F953 /* ResetRequest.swift */; };
		EBD3501F238DB91B008AACA2 /* AppDelegate.swift in Sources */ = {isa = PBXBuildFile; fileRef = EBD3501E238DB91B008AACA2 /* AppDelegate.swift */; };
		EBD35021238DB91B008AACA2 /* SceneDelegate.swift in Sources */ = {isa = PBXBuildFile; fileRef = EBD35020238DB91B008AACA2 /* SceneDelegate.swift */; };
		EBD35028238DB91F008AACA2 /* Assets.xcassets in Resources */ = {isa = PBXBuildFile; fileRef = EBD35027238DB91F008AACA2 /* Assets.xcassets */; };
		EBD3502B238DB91F008AACA2 /* LaunchScreen.storyboard in Resources */ = {isa = PBXBuildFile; fileRef = EBD35029238DB91F008AACA2 /* LaunchScreen.storyboard */; };
		EBD35034238DBAA9008AACA2 /* AuthViewController.swift in Sources */ = {isa = PBXBuildFile; fileRef = EBD35032238DBAA9008AACA2 /* AuthViewController.swift */; };
		EBD35035238DBAA9008AACA2 /* AuthView.xib in Resources */ = {isa = PBXBuildFile; fileRef = EBD35033238DBAA9008AACA2 /* AuthView.xib */; };
		EBD3504A238DBF6D008AACA2 /* RequestFactory.swift in Sources */ = {isa = PBXBuildFile; fileRef = EBD35041238DBF6D008AACA2 /* RequestFactory.swift */; };
		EBD3504C238DC2CD008AACA2 /* LoginParser.swift in Sources */ = {isa = PBXBuildFile; fileRef = EBD3504B238DC2CD008AACA2 /* LoginParser.swift */; };
		EBD3504E238DC2DA008AACA2 /* LoginRequest.swift in Sources */ = {isa = PBXBuildFile; fileRef = EBD3504D238DC2DA008AACA2 /* LoginRequest.swift */; };
		EBD35052238DC317008AACA2 /* RegistrationRequest.swift in Sources */ = {isa = PBXBuildFile; fileRef = EBD35051238DC317008AACA2 /* RegistrationRequest.swift */; };
		EBD35055238DC422008AACA2 /* Login.swift in Sources */ = {isa = PBXBuildFile; fileRef = EBD35054238DC422008AACA2 /* Login.swift */; };
		EBEF6A5B238EF36A008FD4F6 /* Toolkit in Frameworks */ = {isa = PBXBuildFile; productRef = EBEF6A5A238EF36A008FD4F6 /* Toolkit */; };
/* End PBXBuildFile section */

/* Begin PBXFileReference section */
		EB09B47B23ABADC200680ABC /* TokenRefreshRequest.swift */ = {isa = PBXFileReference; lastKnownFileType = sourcecode.swift; path = TokenRefreshRequest.swift; sourceTree = "<group>"; };
		EB09B47D23ABAE6200680ABC /* AccessTokenParser.swift */ = {isa = PBXFileReference; lastKnownFileType = sourcecode.swift; path = AccessTokenParser.swift; sourceTree = "<group>"; };
		EB09B47F23ABAEEA00680ABC /* AccessToken.swift */ = {isa = PBXFileReference; lastKnownFileType = sourcecode.swift; path = AccessToken.swift; sourceTree = "<group>"; };
		EB1A236423B634DE00E21318 /* TabBarBuilder.swift */ = {isa = PBXFileReference; lastKnownFileType = sourcecode.swift; path = TabBarBuilder.swift; sourceTree = "<group>"; };
		EB1A236623B636CB00E21318 /* StoreViewController.swift */ = {isa = PBXFileReference; lastKnownFileType = sourcecode.swift; path = StoreViewController.swift; sourceTree = "<group>"; };
		EB1A236723B636CB00E21318 /* StoreView.xib */ = {isa = PBXFileReference; lastKnownFileType = file.xib; path = StoreView.xib; sourceTree = "<group>"; };
		EB21994F238DD2E1008A8772 /* RegistrationViewController.swift */ = {isa = PBXFileReference; lastKnownFileType = sourcecode.swift; path = RegistrationViewController.swift; sourceTree = "<group>"; };
		EB219950238DD2E1008A8772 /* RegistrationView.xib */ = {isa = PBXFileReference; lastKnownFileType = file.xib; path = RegistrationView.xib; sourceTree = "<group>"; };
		EB24546423D19ABB00C99EFB /* TransferRequest.swift */ = {isa = PBXFileReference; lastKnownFileType = sourcecode.swift; path = TransferRequest.swift; sourceTree = "<group>"; };
		EB3D037A238E956000E5BAE9 /* Slidecoin.entitlements */ = {isa = PBXFileReference; lastKnownFileType = text.plist.entitlements; path = Slidecoin.entitlements; sourceTree = "<group>"; };
		EB3D037C238E956000E5BAE9 /* AuthenticationServices.framework */ = {isa = PBXFileReference; lastKnownFileType = wrapper.framework; name = AuthenticationServices.framework; path = System/Library/Frameworks/AuthenticationServices.framework; sourceTree = SDKROOT; };
		EB3D0382238EAD4400E5BAE9 /* MainViewController.swift */ = {isa = PBXFileReference; lastKnownFileType = sourcecode.swift; path = MainViewController.swift; sourceTree = "<group>"; };
		EB3D0383238EAD4400E5BAE9 /* MainView.xib */ = {isa = PBXFileReference; lastKnownFileType = file.xib; path = MainView.xib; sourceTree = "<group>"; };
		EB60C34023B3E30F009CC4EC /* LogoutAccessRequest.swift */ = {isa = PBXFileReference; lastKnownFileType = sourcecode.swift; path = LogoutAccessRequest.swift; sourceTree = "<group>"; };
		EB60C34223B3E955009CC4EC /* LogoutRefreshRequest.swift */ = {isa = PBXFileReference; lastKnownFileType = sourcecode.swift; path = LogoutRefreshRequest.swift; sourceTree = "<group>"; };
		EB60C34423B3EE9E009CC4EC /* MessageParser.swift */ = {isa = PBXFileReference; lastKnownFileType = sourcecode.swift; path = MessageParser.swift; sourceTree = "<group>"; };
		EB60C34623B3F024009CC4EC /* Message.swift */ = {isa = PBXFileReference; lastKnownFileType = sourcecode.swift; path = Message.swift; sourceTree = "<group>"; };
		EB61FB5223ABDBC500DC8E21 /* Assembly.swift */ = {isa = PBXFileReference; lastKnownFileType = sourcecode.swift; path = Assembly.swift; sourceTree = "<group>"; };
		EB6803BC23B00DA1003456AC /* AccessCodeViewController.swift */ = {isa = PBXFileReference; lastKnownFileType = sourcecode.swift; path = AccessCodeViewController.swift; sourceTree = "<group>"; };
		EB6803BD23B00DA1003456AC /* AccessCodeView.xib */ = {isa = PBXFileReference; lastKnownFileType = file.xib; path = AccessCodeView.xib; sourceTree = "<group>"; };
		EB6803C023B02685003456AC /* UserViewController.swift */ = {isa = PBXFileReference; lastKnownFileType = sourcecode.swift; path = UserViewController.swift; sourceTree = "<group>"; };
		EB6803C123B02685003456AC /* UserView.xib */ = {isa = PBXFileReference; lastKnownFileType = file.xib; path = UserView.xib; sourceTree = "<group>"; };
		EB6AA83523A8C09500938BB6 /* RestoreViewController.swift */ = {isa = PBXFileReference; lastKnownFileType = sourcecode.swift; path = RestoreViewController.swift; sourceTree = "<group>"; };
		EB6AA83623A8C09500938BB6 /* RestoreView.xib */ = {isa = PBXFileReference; lastKnownFileType = file.xib; path = RestoreView.xib; sourceTree = "<group>"; };
		EB6AA83B23AA54D300938BB6 /* PreRestoreViewController.swift */ = {isa = PBXFileReference; lastKnownFileType = sourcecode.swift; path = PreRestoreViewController.swift; sourceTree = "<group>"; };
		EB6AA83C23AA54D300938BB6 /* PreRestoreView.xib */ = {isa = PBXFileReference; lastKnownFileType = file.xib; path = PreRestoreView.xib; sourceTree = "<group>"; };
		EB6AA83F23AA57E800938BB6 /* UsersRequest.swift */ = {isa = PBXFileReference; lastKnownFileType = sourcecode.swift; path = UsersRequest.swift; sourceTree = "<group>"; };
		EB6AA84123AA585000938BB6 /* UsersParser.swift */ = {isa = PBXFileReference; lastKnownFileType = sourcecode.swift; path = UsersParser.swift; sourceTree = "<group>"; };
		EB6AA84323AA589500938BB6 /* User.swift */ = {isa = PBXFileReference; lastKnownFileType = sourcecode.swift; path = User.swift; sourceTree = "<group>"; };
		EB6AA84523AA5F6600938BB6 /* UsersViewController.swift */ = {isa = PBXFileReference; lastKnownFileType = sourcecode.swift; path = UsersViewController.swift; sourceTree = "<group>"; };
		EB6AA84623AA5F6600938BB6 /* UsersView.xib */ = {isa = PBXFileReference; lastKnownFileType = file.xib; path = UsersView.xib; sourceTree = "<group>"; };
		EB6AA84A23AAB77000938BB6 /* CredentialsService.swift */ = {isa = PBXFileReference; lastKnownFileType = sourcecode.swift; path = CredentialsService.swift; sourceTree = "<group>"; };
		EB6AA84C23AAD39900938BB6 /* SecretParser.swift */ = {isa = PBXFileReference; lastKnownFileType = sourcecode.swift; path = SecretParser.swift; sourceTree = "<group>"; };
		EB6AA84E23AAD3E500938BB6 /* Secret.swift */ = {isa = PBXFileReference; lastKnownFileType = sourcecode.swift; path = Secret.swift; sourceTree = "<group>"; };
		EB6AA85023AAD43E00938BB6 /* SecretRequest.swift */ = {isa = PBXFileReference; lastKnownFileType = sourcecode.swift; path = SecretRequest.swift; sourceTree = "<group>"; };
		EB6AA85223AADD2900938BB6 /* DeleteAllUsersRequest.swift */ = {isa = PBXFileReference; lastKnownFileType = sourcecode.swift; path = DeleteAllUsersRequest.swift; sourceTree = "<group>"; };
		EB839EFE23AF9D7B0043B223 /* TransferViewController.swift */ = {isa = PBXFileReference; lastKnownFileType = sourcecode.swift; path = TransferViewController.swift; sourceTree = "<group>"; };
		EB839EFF23AF9D7B0043B223 /* TransferView.xib */ = {isa = PBXFileReference; lastKnownFileType = file.xib; path = TransferView.xib; sourceTree = "<group>"; };
		EBB3361623B54CF1007923F9 /* AboutViewController.swift */ = {isa = PBXFileReference; lastKnownFileType = sourcecode.swift; path = AboutViewController.swift; sourceTree = "<group>"; };
		EBB3361723B54CF1007923F9 /* AboutView.xib */ = {isa = PBXFileReference; lastKnownFileType = file.xib; path = AboutView.xib; sourceTree = "<group>"; };
		EBCE475E23D175840047F953 /* RestoreRequest.swift */ = {isa = PBXFileReference; lastKnownFileType = sourcecode.swift; path = RestoreRequest.swift; sourceTree = "<group>"; };
		EBCE476023D181790047F953 /* ResetEmailRequest.swift */ = {isa = PBXFileReference; lastKnownFileType = sourcecode.swift; path = ResetEmailRequest.swift; sourceTree = "<group>"; };
		EBCE476223D1916F0047F953 /* ResetRequest.swift */ = {isa = PBXFileReference; lastKnownFileType = sourcecode.swift; path = ResetRequest.swift; sourceTree = "<group>"; };
		EBD3501B238DB91B008AACA2 /* Slidecoin.app */ = {isa = PBXFileReference; explicitFileType = wrapper.application; includeInIndex = 0; path = Slidecoin.app; sourceTree = BUILT_PRODUCTS_DIR; };
		EBD3501E238DB91B008AACA2 /* AppDelegate.swift */ = {isa = PBXFileReference; lastKnownFileType = sourcecode.swift; path = AppDelegate.swift; sourceTree = "<group>"; };
		EBD35020238DB91B008AACA2 /* SceneDelegate.swift */ = {isa = PBXFileReference; lastKnownFileType = sourcecode.swift; path = SceneDelegate.swift; sourceTree = "<group>"; };
		EBD35027238DB91F008AACA2 /* Assets.xcassets */ = {isa = PBXFileReference; lastKnownFileType = folder.assetcatalog; path = Assets.xcassets; sourceTree = "<group>"; };
		EBD3502A238DB91F008AACA2 /* Base */ = {isa = PBXFileReference; lastKnownFileType = file.storyboard; name = Base; path = Base.lproj/LaunchScreen.storyboard; sourceTree = "<group>"; };
		EBD3502C238DB91F008AACA2 /* Info.plist */ = {isa = PBXFileReference; lastKnownFileType = text.plist.xml; path = Info.plist; sourceTree = "<group>"; };
		EBD35032238DBAA9008AACA2 /* AuthViewController.swift */ = {isa = PBXFileReference; lastKnownFileType = sourcecode.swift; path = AuthViewController.swift; sourceTree = "<group>"; };
		EBD35033238DBAA9008AACA2 /* AuthView.xib */ = {isa = PBXFileReference; lastKnownFileType = file.xib; path = AuthView.xib; sourceTree = "<group>"; };
		EBD35041238DBF6D008AACA2 /* RequestFactory.swift */ = {isa = PBXFileReference; fileEncoding = 4; lastKnownFileType = sourcecode.swift; path = RequestFactory.swift; sourceTree = "<group>"; };
		EBD3504B238DC2CD008AACA2 /* LoginParser.swift */ = {isa = PBXFileReference; lastKnownFileType = sourcecode.swift; path = LoginParser.swift; sourceTree = "<group>"; };
		EBD3504D238DC2DA008AACA2 /* LoginRequest.swift */ = {isa = PBXFileReference; lastKnownFileType = sourcecode.swift; path = LoginRequest.swift; sourceTree = "<group>"; };
		EBD35051238DC317008AACA2 /* RegistrationRequest.swift */ = {isa = PBXFileReference; lastKnownFileType = sourcecode.swift; path = RegistrationRequest.swift; sourceTree = "<group>"; };
		EBD35054238DC422008AACA2 /* Login.swift */ = {isa = PBXFileReference; lastKnownFileType = sourcecode.swift; path = Login.swift; sourceTree = "<group>"; };
		EBEF6A57238EF168008FD4F6 /* Toolkit */ = {isa = PBXFileReference; lastKnownFileType = folder; name = Toolkit; path = ../Toolkit; sourceTree = "<group>"; };
/* End PBXFileReference section */

/* Begin PBXFrameworksBuildPhase section */
		EBD35018238DB91B008AACA2 /* Frameworks */ = {
			isa = PBXFrameworksBuildPhase;
			buildActionMask = 2147483647;
			files = (
				EB1A236323B62B8400E21318 /* KeyboardAdjuster in Frameworks */,
				EB3D037D238E956000E5BAE9 /* AuthenticationServices.framework in Frameworks */,
				EBEF6A5B238EF36A008FD4F6 /* Toolkit in Frameworks */,
			);
			runOnlyForDeploymentPostprocessing = 0;
		};
/* End PBXFrameworksBuildPhase section */

/* Begin PBXGroup section */
		EB3D037B238E956000E5BAE9 /* Frameworks */ = {
			isa = PBXGroup;
			children = (
				EB3D037C238E956000E5BAE9 /* AuthenticationServices.framework */,
			);
			name = Frameworks;
			sourceTree = "<group>";
		};
		EB6AA84923AAB74600938BB6 /* Services */ = {
			isa = PBXGroup;
			children = (
				EB6AA84A23AAB77000938BB6 /* CredentialsService.swift */,
			);
			path = Services;
			sourceTree = "<group>";
		};
		EB936EEB23B3944E0006FBAE /* Authorized */ = {
			isa = PBXGroup;
			children = (
				EB839EFE23AF9D7B0043B223 /* TransferViewController.swift */,
				EB839EFF23AF9D7B0043B223 /* TransferView.xib */,
				EB3D0382238EAD4400E5BAE9 /* MainViewController.swift */,
				EB3D0383238EAD4400E5BAE9 /* MainView.xib */,
				EB6AA84523AA5F6600938BB6 /* UsersViewController.swift */,
				EB6AA84623AA5F6600938BB6 /* UsersView.xib */,
				EB6803C023B02685003456AC /* UserViewController.swift */,
				EB6803C123B02685003456AC /* UserView.xib */,
				EBB3361623B54CF1007923F9 /* AboutViewController.swift */,
				EBB3361723B54CF1007923F9 /* AboutView.xib */,
				EB1A236623B636CB00E21318 /* StoreViewController.swift */,
				EB1A236723B636CB00E21318 /* StoreView.xib */,
				EB1A236423B634DE00E21318 /* TabBarBuilder.swift */,
			);
			path = Authorized;
			sourceTree = "<group>";
		};
		EB936EEC23B394690006FBAE /* Unauthorized */ = {
			isa = PBXGroup;
			children = (
				EBD35032238DBAA9008AACA2 /* AuthViewController.swift */,
				EBD35033238DBAA9008AACA2 /* AuthView.xib */,
				EB21994F238DD2E1008A8772 /* RegistrationViewController.swift */,
				EB219950238DD2E1008A8772 /* RegistrationView.xib */,
				EB6AA83523A8C09500938BB6 /* RestoreViewController.swift */,
				EB6AA83623A8C09500938BB6 /* RestoreView.xib */,
				EB6AA83B23AA54D300938BB6 /* PreRestoreViewController.swift */,
				EB6AA83C23AA54D300938BB6 /* PreRestoreView.xib */,
				EB6803BC23B00DA1003456AC /* AccessCodeViewController.swift */,
				EB6803BD23B00DA1003456AC /* AccessCodeView.xib */,
			);
			path = Unauthorized;
			sourceTree = "<group>";
		};
		EBD35012238DB91B008AACA2 = {
			isa = PBXGroup;
			children = (
				EBEF6A57238EF168008FD4F6 /* Toolkit */,
				EBD3501D238DB91B008AACA2 /* Slidecoin */,
				EBD3501C238DB91B008AACA2 /* Products */,
				EB3D037B238E956000E5BAE9 /* Frameworks */,
			);
			sourceTree = "<group>";
		};
		EBD3501C238DB91B008AACA2 /* Products */ = {
			isa = PBXGroup;
			children = (
				EBD3501B238DB91B008AACA2 /* Slidecoin.app */,
			);
			name = Products;
			sourceTree = "<group>";
		};
		EBD3501D238DB91B008AACA2 /* Slidecoin */ = {
			isa = PBXGroup;
			children = (
				EB3D037A238E956000E5BAE9 /* Slidecoin.entitlements */,
				EBD35058238DC72B008AACA2 /* Modules */,
				EBD35053238DC419008AACA2 /* Models */,
				EBD35036238DBF6D008AACA2 /* Network */,
				EB6AA84923AAB74600938BB6 /* Services */,
				EB61FB5223ABDBC500DC8E21 /* Assembly.swift */,
				EBD3501E238DB91B008AACA2 /* AppDelegate.swift */,
				EBD35020238DB91B008AACA2 /* SceneDelegate.swift */,
				EBD35027238DB91F008AACA2 /* Assets.xcassets */,
				EBD35029238DB91F008AACA2 /* LaunchScreen.storyboard */,
				EBD3502C238DB91F008AACA2 /* Info.plist */,
			);
			path = Slidecoin;
			sourceTree = "<group>";
		};
		EBD35036238DBF6D008AACA2 /* Network */ = {
			isa = PBXGroup;
			children = (
				EBD35037238DBF6D008AACA2 /* Parsers */,
				EBD3503C238DBF6D008AACA2 /* Requests */,
				EBD35041238DBF6D008AACA2 /* RequestFactory.swift */,
			);
			path = Network;
			sourceTree = "<group>";
		};
		EBD35037238DBF6D008AACA2 /* Parsers */ = {
			isa = PBXGroup;
			children = (
				EBD3504B238DC2CD008AACA2 /* LoginParser.swift */,
				EB09B47D23ABAE6200680ABC /* AccessTokenParser.swift */,
				EB60C34423B3EE9E009CC4EC /* MessageParser.swift */,
				EB6AA84C23AAD39900938BB6 /* SecretParser.swift */,
				EB6AA84123AA585000938BB6 /* UsersParser.swift */,
			);
			path = Parsers;
			sourceTree = "<group>";
		};
		EBD3503C238DBF6D008AACA2 /* Requests */ = {
			isa = PBXGroup;
			children = (
				EB6AA85223AADD2900938BB6 /* DeleteAllUsersRequest.swift */,
				EBD3504D238DC2DA008AACA2 /* LoginRequest.swift */,
				EB60C34023B3E30F009CC4EC /* LogoutAccessRequest.swift */,
				EB60C34223B3E955009CC4EC /* LogoutRefreshRequest.swift */,
				EBD35051238DC317008AACA2 /* RegistrationRequest.swift */,
				EBCE476023D181790047F953 /* ResetEmailRequest.swift */,
				EBCE476223D1916F0047F953 /* ResetRequest.swift */,
				EBCE475E23D175840047F953 /* RestoreRequest.swift */,
				EB6AA85023AAD43E00938BB6 /* SecretRequest.swift */,
				EB09B47B23ABADC200680ABC /* TokenRefreshRequest.swift */,
				EB24546423D19ABB00C99EFB /* TransferRequest.swift */,
				EB6AA83F23AA57E800938BB6 /* UsersRequest.swift */,
			);
			path = Requests;
			sourceTree = "<group>";
		};
		EBD35053238DC419008AACA2 /* Models */ = {
			isa = PBXGroup;
			children = (
				EB09B47F23ABAEEA00680ABC /* AccessToken.swift */,
				EBD35054238DC422008AACA2 /* Login.swift */,
				EB6AA84E23AAD3E500938BB6 /* Secret.swift */,
				EB6AA84323AA589500938BB6 /* User.swift */,
				EB60C34623B3F024009CC4EC /* Message.swift */,
			);
			path = Models;
			sourceTree = "<group>";
		};
		EBD35058238DC72B008AACA2 /* Modules */ = {
			isa = PBXGroup;
			children = (
				EB936EEB23B3944E0006FBAE /* Authorized */,
				EB936EEC23B394690006FBAE /* Unauthorized */,
			);
			path = Modules;
			sourceTree = "<group>";
		};
/* End PBXGroup section */

/* Begin PBXNativeTarget section */
		EBD3501A238DB91B008AACA2 /* Slidecoin */ = {
			isa = PBXNativeTarget;
			buildConfigurationList = EBD3502F238DB91F008AACA2 /* Build configuration list for PBXNativeTarget "Slidecoin" */;
			buildPhases = (
				EBD35017238DB91B008AACA2 /* Sources */,
				EBD35018238DB91B008AACA2 /* Frameworks */,
				EBD35019238DB91B008AACA2 /* Resources */,
			);
			buildRules = (
			);
			dependencies = (
			);
			name = Slidecoin;
			packageProductDependencies = (
				EBEF6A5A238EF36A008FD4F6 /* Toolkit */,
				EB1A236223B62B8400E21318 /* KeyboardAdjuster */,
			);
			productName = Slidecur;
			productReference = EBD3501B238DB91B008AACA2 /* Slidecoin.app */;
			productType = "com.apple.product-type.application";
		};
/* End PBXNativeTarget section */

/* Begin PBXProject section */
		EBD35013238DB91B008AACA2 /* Project object */ = {
			isa = PBXProject;
			attributes = {
				LastSwiftUpdateCheck = 1120;
				LastUpgradeCheck = 1120;
				ORGANIZATIONNAME = "Oleg Samoylov";
				TargetAttributes = {
					EBD3501A238DB91B008AACA2 = {
						CreatedOnToolsVersion = 11.2.1;
					};
				};
			};
			buildConfigurationList = EBD35016238DB91B008AACA2 /* Build configuration list for PBXProject "Slidecoin" */;
			compatibilityVersion = "Xcode 9.3";
			developmentRegion = en;
			hasScannedForEncodings = 0;
			knownRegions = (
				en,
				Base,
			);
			mainGroup = EBD35012238DB91B008AACA2;
			packageReferences = (
				EB1A236123B62B8400E21318 /* XCRemoteSwiftPackageReference "KeyboardAdjuster" */,
			);
			productRefGroup = EBD3501C238DB91B008AACA2 /* Products */;
			projectDirPath = "";
			projectRoot = "";
			targets = (
				EBD3501A238DB91B008AACA2 /* Slidecoin */,
			);
		};
/* End PBXProject section */

/* Begin PBXResourcesBuildPhase section */
		EBD35019238DB91B008AACA2 /* Resources */ = {
			isa = PBXResourcesBuildPhase;
			buildActionMask = 2147483647;
			files = (
				EB6803C323B02685003456AC /* UserView.xib in Resources */,
				EBD3502B238DB91F008AACA2 /* LaunchScreen.storyboard in Resources */,
				EB6AA84823AA5F6600938BB6 /* UsersView.xib in Resources */,
				EB219952238DD2E1008A8772 /* RegistrationView.xib in Resources */,
				EB6803BF23B00DA1003456AC /* AccessCodeView.xib in Resources */,
				EB3D0385238EAD4400E5BAE9 /* MainView.xib in Resources */,
				EB1A236923B636CB00E21318 /* StoreView.xib in Resources */,
				EB6AA83E23AA54D300938BB6 /* PreRestoreView.xib in Resources */,
				EB6AA83823A8C09500938BB6 /* RestoreView.xib in Resources */,
				EBD35035238DBAA9008AACA2 /* AuthView.xib in Resources */,
				EBD35028238DB91F008AACA2 /* Assets.xcassets in Resources */,
				EBB3361923B54CF1007923F9 /* AboutView.xib in Resources */,
				EB839F0123AF9D7B0043B223 /* TransferView.xib in Resources */,
			);
			runOnlyForDeploymentPostprocessing = 0;
		};
/* End PBXResourcesBuildPhase section */

/* Begin PBXSourcesBuildPhase section */
		EBD35017238DB91B008AACA2 /* Sources */ = {
			isa = PBXSourcesBuildPhase;
			buildActionMask = 2147483647;
			files = (
				EB6AA83D23AA54D300938BB6 /* PreRestoreViewController.swift in Sources */,
				EBD35052238DC317008AACA2 /* RegistrationRequest.swift in Sources */,
				EB6AA84023AA57E800938BB6 /* UsersRequest.swift in Sources */,
				EB6AA83723A8C09500938BB6 /* RestoreViewController.swift in Sources */,
				EBCE475F23D175840047F953 /* RestoreRequest.swift in Sources */,
				EB60C34523B3EE9E009CC4EC /* MessageParser.swift in Sources */,
				EB24546523D19ABB00C99EFB /* TransferRequest.swift in Sources */,
				EB6AA84D23AAD39900938BB6 /* SecretParser.swift in Sources */,
				EB60C34323B3E955009CC4EC /* LogoutRefreshRequest.swift in Sources */,
				EB6AA85323AADD2900938BB6 /* DeleteAllUsersRequest.swift in Sources */,
				EB6AA84423AA589500938BB6 /* User.swift in Sources */,
				EB1A236523B634DE00E21318 /* TabBarBuilder.swift in Sources */,
				EBCE476323D1916F0047F953 /* ResetRequest.swift in Sources */,
				EBCE476123D181790047F953 /* ResetEmailRequest.swift in Sources */,
				EB09B47C23ABADC200680ABC /* TokenRefreshRequest.swift in Sources */,
				EBD3504A238DBF6D008AACA2 /* RequestFactory.swift in Sources */,
				EB6AA84B23AAB77000938BB6 /* CredentialsService.swift in Sources */,
				EBD35055238DC422008AACA2 /* Login.swift in Sources */,
				EB60C34723B3F024009CC4EC /* Message.swift in Sources */,
				EB60C34123B3E30F009CC4EC /* LogoutAccessRequest.swift in Sources */,
				EB6AA84F23AAD3E500938BB6 /* Secret.swift in Sources */,
				EBD3501F238DB91B008AACA2 /* AppDelegate.swift in Sources */,
				EB6803BE23B00DA1003456AC /* AccessCodeViewController.swift in Sources */,
				EB839F0023AF9D7B0043B223 /* TransferViewController.swift in Sources */,
				EB1A236823B636CB00E21318 /* StoreViewController.swift in Sources */,
				EBD35034238DBAA9008AACA2 /* AuthViewController.swift in Sources */,
				EB6AA84223AA585000938BB6 /* UsersParser.swift in Sources */,
				EB6AA85123AAD43E00938BB6 /* SecretRequest.swift in Sources */,
				EB219951238DD2E1008A8772 /* RegistrationViewController.swift in Sources */,
				EB6AA84723AA5F6600938BB6 /* UsersViewController.swift in Sources */,
				EBB3361823B54CF1007923F9 /* AboutViewController.swift in Sources */,
				EBD35021238DB91B008AACA2 /* SceneDelegate.swift in Sources */,
				EB6803C223B02685003456AC /* UserViewController.swift in Sources */,
				EBD3504C238DC2CD008AACA2 /* LoginParser.swift in Sources */,
				EB3D0384238EAD4400E5BAE9 /* MainViewController.swift in Sources */,
				EB61FB5323ABDBC500DC8E21 /* Assembly.swift in Sources */,
				EB09B47E23ABAE6200680ABC /* AccessTokenParser.swift in Sources */,
				EBD3504E238DC2DA008AACA2 /* LoginRequest.swift in Sources */,
				EB09B48023ABAEEA00680ABC /* AccessToken.swift in Sources */,
			);
			runOnlyForDeploymentPostprocessing = 0;
		};
/* End PBXSourcesBuildPhase section */

/* Begin PBXVariantGroup section */
		EBD35029238DB91F008AACA2 /* LaunchScreen.storyboard */ = {
			isa = PBXVariantGroup;
			children = (
				EBD3502A238DB91F008AACA2 /* Base */,
			);
			name = LaunchScreen.storyboard;
			sourceTree = "<group>";
		};
/* End PBXVariantGroup section */

/* Begin XCBuildConfiguration section */
		EBD3502D238DB91F008AACA2 /* Debug */ = {
			isa = XCBuildConfiguration;
			buildSettings = {
				ALWAYS_SEARCH_USER_PATHS = NO;
				CLANG_ANALYZER_NONNULL = YES;
				CLANG_ANALYZER_NUMBER_OBJECT_CONVERSION = YES_AGGRESSIVE;
				CLANG_CXX_LANGUAGE_STANDARD = "gnu++14";
				CLANG_CXX_LIBRARY = "libc++";
				CLANG_ENABLE_MODULES = YES;
				CLANG_ENABLE_OBJC_ARC = YES;
				CLANG_ENABLE_OBJC_WEAK = YES;
				CLANG_WARN_BLOCK_CAPTURE_AUTORELEASING = YES;
				CLANG_WARN_BOOL_CONVERSION = YES;
				CLANG_WARN_COMMA = YES;
				CLANG_WARN_CONSTANT_CONVERSION = YES;
				CLANG_WARN_DEPRECATED_OBJC_IMPLEMENTATIONS = YES;
				CLANG_WARN_DIRECT_OBJC_ISA_USAGE = YES_ERROR;
				CLANG_WARN_DOCUMENTATION_COMMENTS = YES;
				CLANG_WARN_EMPTY_BODY = YES;
				CLANG_WARN_ENUM_CONVERSION = YES;
				CLANG_WARN_INFINITE_RECURSION = YES;
				CLANG_WARN_INT_CONVERSION = YES;
				CLANG_WARN_NON_LITERAL_NULL_CONVERSION = YES;
				CLANG_WARN_OBJC_IMPLICIT_RETAIN_SELF = YES;
				CLANG_WARN_OBJC_LITERAL_CONVERSION = YES;
				CLANG_WARN_OBJC_ROOT_CLASS = YES_ERROR;
				CLANG_WARN_RANGE_LOOP_ANALYSIS = YES;
				CLANG_WARN_STRICT_PROTOTYPES = YES;
				CLANG_WARN_SUSPICIOUS_MOVE = YES;
				CLANG_WARN_UNGUARDED_AVAILABILITY = YES_AGGRESSIVE;
				CLANG_WARN_UNREACHABLE_CODE = YES;
				CLANG_WARN__DUPLICATE_METHOD_MATCH = YES;
				COPY_PHASE_STRIP = NO;
				DEBUG_INFORMATION_FORMAT = dwarf;
				ENABLE_STRICT_OBJC_MSGSEND = YES;
				ENABLE_TESTABILITY = YES;
				GCC_C_LANGUAGE_STANDARD = gnu11;
				GCC_DYNAMIC_NO_PIC = NO;
				GCC_NO_COMMON_BLOCKS = YES;
				GCC_OPTIMIZATION_LEVEL = 0;
				GCC_PREPROCESSOR_DEFINITIONS = (
					"DEBUG=1",
					"$(inherited)",
				);
				GCC_WARN_64_TO_32_BIT_CONVERSION = YES;
				GCC_WARN_ABOUT_RETURN_TYPE = YES_ERROR;
				GCC_WARN_UNDECLARED_SELECTOR = YES;
				GCC_WARN_UNINITIALIZED_AUTOS = YES_AGGRESSIVE;
				GCC_WARN_UNUSED_FUNCTION = YES;
				GCC_WARN_UNUSED_VARIABLE = YES;
				IPHONEOS_DEPLOYMENT_TARGET = 13.2;
				MTL_ENABLE_DEBUG_INFO = INCLUDE_SOURCE;
				MTL_FAST_MATH = YES;
				ONLY_ACTIVE_ARCH = YES;
				SDKROOT = iphoneos;
				SWIFT_ACTIVE_COMPILATION_CONDITIONS = DEBUG;
				SWIFT_OPTIMIZATION_LEVEL = "-Onone";
			};
			name = Debug;
		};
		EBD3502E238DB91F008AACA2 /* Release */ = {
			isa = XCBuildConfiguration;
			buildSettings = {
				ALWAYS_SEARCH_USER_PATHS = NO;
				CLANG_ANALYZER_NONNULL = YES;
				CLANG_ANALYZER_NUMBER_OBJECT_CONVERSION = YES_AGGRESSIVE;
				CLANG_CXX_LANGUAGE_STANDARD = "gnu++14";
				CLANG_CXX_LIBRARY = "libc++";
				CLANG_ENABLE_MODULES = YES;
				CLANG_ENABLE_OBJC_ARC = YES;
				CLANG_ENABLE_OBJC_WEAK = YES;
				CLANG_WARN_BLOCK_CAPTURE_AUTORELEASING = YES;
				CLANG_WARN_BOOL_CONVERSION = YES;
				CLANG_WARN_COMMA = YES;
				CLANG_WARN_CONSTANT_CONVERSION = YES;
				CLANG_WARN_DEPRECATED_OBJC_IMPLEMENTATIONS = YES;
				CLANG_WARN_DIRECT_OBJC_ISA_USAGE = YES_ERROR;
				CLANG_WARN_DOCUMENTATION_COMMENTS = YES;
				CLANG_WARN_EMPTY_BODY = YES;
				CLANG_WARN_ENUM_CONVERSION = YES;
				CLANG_WARN_INFINITE_RECURSION = YES;
				CLANG_WARN_INT_CONVERSION = YES;
				CLANG_WARN_NON_LITERAL_NULL_CONVERSION = YES;
				CLANG_WARN_OBJC_IMPLICIT_RETAIN_SELF = YES;
				CLANG_WARN_OBJC_LITERAL_CONVERSION = YES;
				CLANG_WARN_OBJC_ROOT_CLASS = YES_ERROR;
				CLANG_WARN_RANGE_LOOP_ANALYSIS = YES;
				CLANG_WARN_STRICT_PROTOTYPES = YES;
				CLANG_WARN_SUSPICIOUS_MOVE = YES;
				CLANG_WARN_UNGUARDED_AVAILABILITY = YES_AGGRESSIVE;
				CLANG_WARN_UNREACHABLE_CODE = YES;
				CLANG_WARN__DUPLICATE_METHOD_MATCH = YES;
				COPY_PHASE_STRIP = NO;
				DEBUG_INFORMATION_FORMAT = "dwarf-with-dsym";
				ENABLE_NS_ASSERTIONS = NO;
				ENABLE_STRICT_OBJC_MSGSEND = YES;
				GCC_C_LANGUAGE_STANDARD = gnu11;
				GCC_NO_COMMON_BLOCKS = YES;
				GCC_WARN_64_TO_32_BIT_CONVERSION = YES;
				GCC_WARN_ABOUT_RETURN_TYPE = YES_ERROR;
				GCC_WARN_UNDECLARED_SELECTOR = YES;
				GCC_WARN_UNINITIALIZED_AUTOS = YES_AGGRESSIVE;
				GCC_WARN_UNUSED_FUNCTION = YES;
				GCC_WARN_UNUSED_VARIABLE = YES;
				IPHONEOS_DEPLOYMENT_TARGET = 13.2;
				MTL_ENABLE_DEBUG_INFO = NO;
				MTL_FAST_MATH = YES;
				SDKROOT = iphoneos;
				SWIFT_COMPILATION_MODE = wholemodule;
				SWIFT_OPTIMIZATION_LEVEL = "-O";
				VALIDATE_PRODUCT = YES;
			};
			name = Release;
		};
		EBD35030238DB91F008AACA2 /* Debug */ = {
			isa = XCBuildConfiguration;
			buildSettings = {
				ASSETCATALOG_COMPILER_APPICON_NAME = AppIcon;
				CODE_SIGN_ENTITLEMENTS = Slidecoin/Slidecoin.entitlements;
				CODE_SIGN_IDENTITY = "Apple Development";
				CODE_SIGN_STYLE = Automatic;
				DEVELOPMENT_TEAM = B2FMGUSH44;
				INFOPLIST_FILE = Slidecoin/Info.plist;
				IPHONEOS_DEPLOYMENT_TARGET = 13.2;
				LD_RUNPATH_SEARCH_PATHS = (
					"$(inherited)",
					"@executable_path/Frameworks",
				);
				MARKETING_VERSION = 0.1;
				PRODUCT_BUNDLE_IDENTIFIER = com.olejiksa.slidecurrency;
				PRODUCT_NAME = Slidecoin;
				PROVISIONING_PROFILE_SPECIFIER = "";
				SWIFT_VERSION = 5.0;
				TARGETED_DEVICE_FAMILY = 1;
			};
			name = Debug;
		};
		EBD35031238DB91F008AACA2 /* Release */ = {
			isa = XCBuildConfiguration;
			buildSettings = {
				ASSETCATALOG_COMPILER_APPICON_NAME = AppIcon;
				CODE_SIGN_ENTITLEMENTS = Slidecoin/Slidecoin.entitlements;
				CODE_SIGN_IDENTITY = "Apple Development";
				CODE_SIGN_STYLE = Automatic;
				DEVELOPMENT_TEAM = B2FMGUSH44;
				INFOPLIST_FILE = Slidecoin/Info.plist;
				IPHONEOS_DEPLOYMENT_TARGET = 13.2;
				LD_RUNPATH_SEARCH_PATHS = (
					"$(inherited)",
					"@executable_path/Frameworks",
				);
				MARKETING_VERSION = 0.1;
				PRODUCT_BUNDLE_IDENTIFIER = com.olejiksa.slidecurrency;
				PRODUCT_NAME = Slidecoin;
				PROVISIONING_PROFILE_SPECIFIER = "";
				SWIFT_VERSION = 5.0;
				TARGETED_DEVICE_FAMILY = 1;
			};
			name = Release;
		};
/* End XCBuildConfiguration section */

/* Begin XCConfigurationList section */
		EBD35016238DB91B008AACA2 /* Build configuration list for PBXProject "Slidecoin" */ = {
			isa = XCConfigurationList;
			buildConfigurations = (
				EBD3502D238DB91F008AACA2 /* Debug */,
				EBD3502E238DB91F008AACA2 /* Release */,
			);
			defaultConfigurationIsVisible = 0;
			defaultConfigurationName = Release;
		};
		EBD3502F238DB91F008AACA2 /* Build configuration list for PBXNativeTarget "Slidecoin" */ = {
			isa = XCConfigurationList;
			buildConfigurations = (
				EBD35030238DB91F008AACA2 /* Debug */,
				EBD35031238DB91F008AACA2 /* Release */,
			);
			defaultConfigurationIsVisible = 0;
			defaultConfigurationName = Release;
		};
/* End XCConfigurationList section */

/* Begin XCRemoteSwiftPackageReference section */
		EB1A236123B62B8400E21318 /* XCRemoteSwiftPackageReference "KeyboardAdjuster" */ = {
			isa = XCRemoteSwiftPackageReference;
			repositoryURL = "https://github.com/lionheart/KeyboardAdjuster";
			requirement = {
				branch = master;
				kind = branch;
			};
		};
/* End XCRemoteSwiftPackageReference section */

/* Begin XCSwiftPackageProductDependency section */
		EB1A236223B62B8400E21318 /* KeyboardAdjuster */ = {
			isa = XCSwiftPackageProductDependency;
			package = EB1A236123B62B8400E21318 /* XCRemoteSwiftPackageReference "KeyboardAdjuster" */;
			productName = KeyboardAdjuster;
		};
		EBEF6A5A238EF36A008FD4F6 /* Toolkit */ = {
			isa = XCSwiftPackageProductDependency;
			productName = Toolkit;
		};
/* End XCSwiftPackageProductDependency section */
	};
	rootObject = EBD35013238DB91B008AACA2 /* Project object */;
}
